
Microsoft Visual Studio Solution File, Format Version 12.00
# Visual Studio Version 17
VisualStudioVersion = 17.6.33815.320
MinimumVisualStudioVersion = 10.0.40219.1
Project("{9A19103F-16F7-4668-BE54-9A1E7A4F7556}") = "Core", "dev\Core\Core.csproj", "{26CEC4CD-751F-4064-918F-C876C1A83E40}"
EndProject
Project("{9A19103F-16F7-4668-BE54-9A1E7A4F7556}") = "LandingPages", "dev\LandingPages\LandingPages.csproj", "{A8EDC2B9-3385-4198-A720-5DF3DB804C43}"
EndProject
Project("{9A19103F-16F7-4668-BE54-9A1E7A4F7556}") = "ContextMenuExtensions", "dev\ContextMenuExtensions\ContextMenuExtensions.csproj", "{313A9EFC-9B4D-4082-A54F-88D78D458A0D}"
EndProject
Project("{9A19103F-16F7-4668-BE54-9A1E7A4F7556}") = "DemoApp", "Samples\DemoApp.csproj", "{60D02545-DF30-4449-BB8A-059845AA3910}"
EndProject
Project("{9A19103F-16F7-4668-BE54-9A1E7A4F7556}") = "WindowUI", "dev\WindowUI\WindowUI.csproj", "{B79F3A01-5AB6-4E0A-A06F-70BBFD6EBEDC}"
EndProject
Project("{2150E333-8FDC-42A3-9474-1A3956D46DE8}") = "Solution Items", "Solution Items", "{6F361F19-8D50-4094-AE95-B59CC13676D0}"
	ProjectSection(SolutionItems) = preProject
		.editorconfig = .editorconfig
		.gitignore = .gitignore
		CHANGELOG.md = CHANGELOG.md
		Directory.Build.props = Directory.Build.props
		LICENSE = LICENSE
		README.md = README.md
		settings.xamlstyler = settings.xamlstyler
	EndProjectSection
EndProject
Project("{2150E333-8FDC-42A3-9474-1A3956D46DE8}") = "Workflows", "Workflows", "{A7E91045-BCE4-461A-92B4-7F00B760603D}"
	ProjectSection(SolutionItems) = preProject
		.github\workflows\PublishDemoApp.yml = .github\workflows\PublishDemoApp.yml
	EndProjectSection
EndProject
Global
	GlobalSection(SolutionConfigurationPlatforms) = preSolution
		Debug|Any CPU = Debug|Any CPU
		Debug|ARM64 = Debug|ARM64
		Debug|x64 = Debug|x64
		Debug|x86 = Debug|x86
		Release|Any CPU = Release|Any CPU
		Release|ARM64 = Release|ARM64
		Release|x64 = Release|x64
		Release|x86 = Release|x86
	EndGlobalSection
	GlobalSection(ProjectConfigurationPlatforms) = postSolution
		{26CEC4CD-751F-4064-918F-C876C1A83E40}.Debug|Any CPU.ActiveCfg = Debug|Any CPU
		{26CEC4CD-751F-4064-918F-C876C1A83E40}.Debug|Any CPU.Build.0 = Debug|Any CPU
		{26CEC4CD-751F-4064-918F-C876C1A83E40}.Debug|ARM64.ActiveCfg = Debug|Any CPU
		{26CEC4CD-751F-4064-918F-C876C1A83E40}.Debug|ARM64.Build.0 = Debug|Any CPU
		{26CEC4CD-751F-4064-918F-C876C1A83E40}.Debug|x64.ActiveCfg = Debug|Any CPU
		{26CEC4CD-751F-4064-918F-C876C1A83E40}.Debug|x64.Build.0 = Debug|Any CPU
		{26CEC4CD-751F-4064-918F-C876C1A83E40}.Debug|x86.ActiveCfg = Debug|Any CPU
		{26CEC4CD-751F-4064-918F-C876C1A83E40}.Debug|x86.Build.0 = Debug|Any CPU
		{26CEC4CD-751F-4064-918F-C876C1A83E40}.Release|Any CPU.ActiveCfg = Release|Any CPU
		{26CEC4CD-751F-4064-918F-C876C1A83E40}.Release|Any CPU.Build.0 = Release|Any CPU
		{26CEC4CD-751F-4064-918F-C876C1A83E40}.Release|ARM64.ActiveCfg = Release|Any CPU
		{26CEC4CD-751F-4064-918F-C876C1A83E40}.Release|ARM64.Build.0 = Release|Any CPU
		{26CEC4CD-751F-4064-918F-C876C1A83E40}.Release|x64.ActiveCfg = Release|Any CPU
		{26CEC4CD-751F-4064-918F-C876C1A83E40}.Release|x64.Build.0 = Release|Any CPU
		{26CEC4CD-751F-4064-918F-C876C1A83E40}.Release|x86.ActiveCfg = Release|Any CPU
		{26CEC4CD-751F-4064-918F-C876C1A83E40}.Release|x86.Build.0 = Release|Any CPU
		{A8EDC2B9-3385-4198-A720-5DF3DB804C43}.Debug|Any CPU.ActiveCfg = Debug|Any CPU
		{A8EDC2B9-3385-4198-A720-5DF3DB804C43}.Debug|Any CPU.Build.0 = Debug|Any CPU
		{A8EDC2B9-3385-4198-A720-5DF3DB804C43}.Debug|ARM64.ActiveCfg = Debug|Any CPU
		{A8EDC2B9-3385-4198-A720-5DF3DB804C43}.Debug|ARM64.Build.0 = Debug|Any CPU
		{A8EDC2B9-3385-4198-A720-5DF3DB804C43}.Debug|x64.ActiveCfg = Debug|Any CPU
		{A8EDC2B9-3385-4198-A720-5DF3DB804C43}.Debug|x64.Build.0 = Debug|Any CPU
		{A8EDC2B9-3385-4198-A720-5DF3DB804C43}.Debug|x86.ActiveCfg = Debug|Any CPU
		{A8EDC2B9-3385-4198-A720-5DF3DB804C43}.Debug|x86.Build.0 = Debug|Any CPU
		{A8EDC2B9-3385-4198-A720-5DF3DB804C43}.Release|Any CPU.ActiveCfg = Release|Any CPU
		{A8EDC2B9-3385-4198-A720-5DF3DB804C43}.Release|Any CPU.Build.0 = Release|Any CPU
		{A8EDC2B9-3385-4198-A720-5DF3DB804C43}.Release|ARM64.ActiveCfg = Release|Any CPU
		{A8EDC2B9-3385-4198-A720-5DF3DB804C43}.Release|ARM64.Build.0 = Release|Any CPU
		{A8EDC2B9-3385-4198-A720-5DF3DB804C43}.Release|x64.ActiveCfg = Release|Any CPU
		{A8EDC2B9-3385-4198-A720-5DF3DB804C43}.Release|x64.Build.0 = Release|Any CPU
		{A8EDC2B9-3385-4198-A720-5DF3DB804C43}.Release|x86.ActiveCfg = Release|Any CPU
		{A8EDC2B9-3385-4198-A720-5DF3DB804C43}.Release|x86.Build.0 = Release|Any CPU
		{313A9EFC-9B4D-4082-A54F-88D78D458A0D}.Debug|Any CPU.ActiveCfg = Debug|Any CPU
		{313A9EFC-9B4D-4082-A54F-88D78D458A0D}.Debug|Any CPU.Build.0 = Debug|Any CPU
		{313A9EFC-9B4D-4082-A54F-88D78D458A0D}.Debug|ARM64.ActiveCfg = Debug|Any CPU
		{313A9EFC-9B4D-4082-A54F-88D78D458A0D}.Debug|ARM64.Build.0 = Debug|Any CPU
		{313A9EFC-9B4D-4082-A54F-88D78D458A0D}.Debug|x64.ActiveCfg = Debug|Any CPU
		{313A9EFC-9B4D-4082-A54F-88D78D458A0D}.Debug|x64.Build.0 = Debug|Any CPU
		{313A9EFC-9B4D-4082-A54F-88D78D458A0D}.Debug|x86.ActiveCfg = Debug|Any CPU
		{313A9EFC-9B4D-4082-A54F-88D78D458A0D}.Debug|x86.Build.0 = Debug|Any CPU
		{313A9EFC-9B4D-4082-A54F-88D78D458A0D}.Release|Any CPU.ActiveCfg = Release|Any CPU
		{313A9EFC-9B4D-4082-A54F-88D78D458A0D}.Release|Any CPU.Build.0 = Release|Any CPU
		{313A9EFC-9B4D-4082-A54F-88D78D458A0D}.Release|ARM64.ActiveCfg = Release|Any CPU
		{313A9EFC-9B4D-4082-A54F-88D78D458A0D}.Release|ARM64.Build.0 = Release|Any CPU
		{313A9EFC-9B4D-4082-A54F-88D78D458A0D}.Release|x64.ActiveCfg = Release|Any CPU
		{313A9EFC-9B4D-4082-A54F-88D78D458A0D}.Release|x64.Build.0 = Release|Any CPU
		{313A9EFC-9B4D-4082-A54F-88D78D458A0D}.Release|x86.ActiveCfg = Release|Any CPU
		{313A9EFC-9B4D-4082-A54F-88D78D458A0D}.Release|x86.Build.0 = Release|Any CPU
		{60D02545-DF30-4449-BB8A-059845AA3910}.Debug|Any CPU.ActiveCfg = Debug|x64
		{60D02545-DF30-4449-BB8A-059845AA3910}.Debug|Any CPU.Build.0 = Debug|x64
		{60D02545-DF30-4449-BB8A-059845AA3910}.Debug|Any CPU.Deploy.0 = Debug|x64
		{60D02545-DF30-4449-BB8A-059845AA3910}.Debug|ARM64.ActiveCfg = Debug|ARM64
		{60D02545-DF30-4449-BB8A-059845AA3910}.Debug|ARM64.Build.0 = Debug|ARM64
		{60D02545-DF30-4449-BB8A-059845AA3910}.Debug|ARM64.Deploy.0 = Debug|ARM64
		{60D02545-DF30-4449-BB8A-059845AA3910}.Debug|x64.ActiveCfg = Debug|x64
		{60D02545-DF30-4449-BB8A-059845AA3910}.Debug|x64.Build.0 = Debug|x64
		{60D02545-DF30-4449-BB8A-059845AA3910}.Debug|x64.Deploy.0 = Debug|x64
		{60D02545-DF30-4449-BB8A-059845AA3910}.Debug|x86.ActiveCfg = Debug|x86
		{60D02545-DF30-4449-BB8A-059845AA3910}.Debug|x86.Build.0 = Debug|x86
		{60D02545-DF30-4449-BB8A-059845AA3910}.Debug|x86.Deploy.0 = Debug|x86
		{60D02545-DF30-4449-BB8A-059845AA3910}.Release|Any CPU.ActiveCfg = Release|x64
		{60D02545-DF30-4449-BB8A-059845AA3910}.Release|Any CPU.Build.0 = Release|x64
		{60D02545-DF30-4449-BB8A-059845AA3910}.Release|Any CPU.Deploy.0 = Release|x64
		{60D02545-DF30-4449-BB8A-059845AA3910}.Release|ARM64.ActiveCfg = Release|ARM64
		{60D02545-DF30-4449-BB8A-059845AA3910}.Release|ARM64.Build.0 = Release|ARM64
		{60D02545-DF30-4449-BB8A-059845AA3910}.Release|ARM64.Deploy.0 = Release|ARM64
		{60D02545-DF30-4449-BB8A-059845AA3910}.Release|x64.ActiveCfg = Release|x64
		{60D02545-DF30-4449-BB8A-059845AA3910}.Release|x64.Build.0 = Release|x64
		{60D02545-DF30-4449-BB8A-059845AA3910}.Release|x64.Deploy.0 = Release|x64
		{60D02545-DF30-4449-BB8A-059845AA3910}.Release|x86.ActiveCfg = Release|x86
		{60D02545-DF30-4449-BB8A-059845AA3910}.Release|x86.Build.0 = Release|x86
		{60D02545-DF30-4449-BB8A-059845AA3910}.Release|x86.Deploy.0 = Release|x86
		{B79F3A01-5AB6-4E0A-A06F-70BBFD6EBEDC}.Debug|Any CPU.ActiveCfg = Debug|Any CPU
		{B79F3A01-5AB6-4E0A-A06F-70BBFD6EBEDC}.Debug|Any CPU.Build.0 = Debug|Any CPU
		{B79F3A01-5AB6-4E0A-A06F-70BBFD6EBEDC}.Debug|ARM64.ActiveCfg = Debug|Any CPU
		{B79F3A01-5AB6-4E0A-A06F-70BBFD6EBEDC}.Debug|ARM64.Build.0 = Debug|Any CPU
		{B79F3A01-5AB6-4E0A-A06F-70BBFD6EBEDC}.Debug|x64.ActiveCfg = Debug|Any CPU
		{B79F3A01-5AB6-4E0A-A06F-70BBFD6EBEDC}.Debug|x64.Build.0 = Debug|Any CPU
		{B79F3A01-5AB6-4E0A-A06F-70BBFD6EBEDC}.Debug|x86.ActiveCfg = Debug|Any CPU
		{B79F3A01-5AB6-4E0A-A06F-70BBFD6EBEDC}.Debug|x86.Build.0 = Debug|Any CPU
		{B79F3A01-5AB6-4E0A-A06F-70BBFD6EBEDC}.Release|Any CPU.ActiveCfg = Release|Any CPU
		{B79F3A01-5AB6-4E0A-A06F-70BBFD6EBEDC}.Release|Any CPU.Build.0 = Release|Any CPU
		{B79F3A01-5AB6-4E0A-A06F-70BBFD6EBEDC}.Release|ARM64.ActiveCfg = Release|Any CPU
		{B79F3A01-5AB6-4E0A-A06F-70BBFD6EBEDC}.Release|ARM64.Build.0 = Release|Any CPU
		{B79F3A01-5AB6-4E0A-A06F-70BBFD6EBEDC}.Release|x64.ActiveCfg = Release|Any CPU
		{B79F3A01-5AB6-4E0A-A06F-70BBFD6EBEDC}.Release|x64.Build.0 = Release|Any CPU
		{B79F3A01-5AB6-4E0A-A06F-70BBFD6EBEDC}.Release|x86.ActiveCfg = Release|Any CPU
		{B79F3A01-5AB6-4E0A-A06F-70BBFD6EBEDC}.Release|x86.Build.0 = Release|Any CPU
	EndGlobalSection
	GlobalSection(SolutionProperties) = preSolution
		HideSolutionNode = FALSE
	EndGlobalSection
	GlobalSection(ExtensibilityGlobals) = postSolution
		SolutionGuid = {30EF80E0-6BF8-4368-9F65-1BF883B890D8}
	EndGlobalSection
EndGlobal
